
Microsoft Visual Studio Solution File, Format Version 12.00
# Visual Studio 15
VisualStudioVersion = 15.0.26403.0
MinimumVisualStudioVersion = 10.0.40219.1
Project("{FAE04EC0-301F-11D3-BF4B-00C04F79EFBC}") = "WallpaperManager", "WallpaperManager\WallpaperManager.csproj", "{F704E12F-E9CA-45F8-8B47-2C3C3E4E86CD}"
EndProject
Project("{FAE04EC0-301F-11D3-BF4B-00C04F79EFBC}") = "WallpaperManager.BackgroundTasks", "WallpaperManager.BackgroundTasks\WallpaperManager.BackgroundTasks.csproj", "{E1BE99F9-7782-4259-9C92-AD1CDE193C97}"
EndProject
Project("{FAE04EC0-301F-11D3-BF4B-00C04F79EFBC}") = "KillerrinStudiosToolkit", "KillerrinStudiosToolkit\KillerrinStudiosToolkit.csproj", "{65CD8FCF-C313-4977-9F80-2C383537B979}"
EndProject
Project("{FAE04EC0-301F-11D3-BF4B-00C04F79EFBC}") = "WallpaperManager.Models", "WallpaperManager.Models\WallpaperManager.Models.csproj", "{629AC313-4D92-42FC-AFCA-AFEF73842410}"
EndProject
Project("{FAE04EC0-301F-11D3-BF4B-00C04F79EFBC}") = "WallpaperManager.DAL", "WallpaperManager.DAL\WallpaperManager.DAL.csproj", "{975BB8DD-AA6D-4622-9D47-5CB42639BB0C}"
EndProject
Project("{FAE04EC0-301F-11D3-BF4B-00C04F79EFBC}") = "WallpaperManager.Contracts", "WallpaperManager.Contracts\WallpaperManager.Contracts.csproj", "{80D84DBA-4C25-41F6-AB69-358FF70805D7}"
EndProject
Project("{FAE04EC0-301F-11D3-BF4B-00C04F79EFBC}") = "WallpaperManager.Services", "WallpaperManager.Services\WallpaperManager.Services.csproj", "{970642BD-7445-4127-83FD-893C900BD9B9}"
EndProject
Global
	GlobalSection(SolutionConfigurationPlatforms) = preSolution
		Debug|Any CPU = Debug|Any CPU
		Debug|ARM = Debug|ARM
		Debug|x64 = Debug|x64
		Debug|x86 = Debug|x86
		Release|Any CPU = Release|Any CPU
		Release|ARM = Release|ARM
		Release|x64 = Release|x64
		Release|x86 = Release|x86
	EndGlobalSection
	GlobalSection(ProjectConfigurationPlatforms) = postSolution
		{F704E12F-E9CA-45F8-8B47-2C3C3E4E86CD}.Debug|Any CPU.ActiveCfg = Debug|x86
		{F704E12F-E9CA-45F8-8B47-2C3C3E4E86CD}.Debug|ARM.ActiveCfg = Debug|ARM
		{F704E12F-E9CA-45F8-8B47-2C3C3E4E86CD}.Debug|ARM.Build.0 = Debug|ARM
		{F704E12F-E9CA-45F8-8B47-2C3C3E4E86CD}.Debug|ARM.Deploy.0 = Debug|ARM
		{F704E12F-E9CA-45F8-8B47-2C3C3E4E86CD}.Debug|x64.ActiveCfg = Debug|x64
		{F704E12F-E9CA-45F8-8B47-2C3C3E4E86CD}.Debug|x64.Build.0 = Debug|x64
		{F704E12F-E9CA-45F8-8B47-2C3C3E4E86CD}.Debug|x64.Deploy.0 = Debug|x64
		{F704E12F-E9CA-45F8-8B47-2C3C3E4E86CD}.Debug|x86.ActiveCfg = Debug|x86
		{F704E12F-E9CA-45F8-8B47-2C3C3E4E86CD}.Debug|x86.Build.0 = Debug|x86
		{F704E12F-E9CA-45F8-8B47-2C3C3E4E86CD}.Debug|x86.Deploy.0 = Debug|x86
		{F704E12F-E9CA-45F8-8B47-2C3C3E4E86CD}.Release|Any CPU.ActiveCfg = Release|x86
		{F704E12F-E9CA-45F8-8B47-2C3C3E4E86CD}.Release|ARM.ActiveCfg = Release|ARM
		{F704E12F-E9CA-45F8-8B47-2C3C3E4E86CD}.Release|ARM.Build.0 = Release|ARM
		{F704E12F-E9CA-45F8-8B47-2C3C3E4E86CD}.Release|ARM.Deploy.0 = Release|ARM
		{F704E12F-E9CA-45F8-8B47-2C3C3E4E86CD}.Release|x64.ActiveCfg = Release|x64
		{F704E12F-E9CA-45F8-8B47-2C3C3E4E86CD}.Release|x64.Build.0 = Release|x64
		{F704E12F-E9CA-45F8-8B47-2C3C3E4E86CD}.Release|x64.Deploy.0 = Release|x64
		{F704E12F-E9CA-45F8-8B47-2C3C3E4E86CD}.Release|x86.ActiveCfg = Release|x86
		{F704E12F-E9CA-45F8-8B47-2C3C3E4E86CD}.Release|x86.Build.0 = Release|x86
		{F704E12F-E9CA-45F8-8B47-2C3C3E4E86CD}.Release|x86.Deploy.0 = Release|x86
		{E1BE99F9-7782-4259-9C92-AD1CDE193C97}.Debug|Any CPU.ActiveCfg = Debug|Any CPU
		{E1BE99F9-7782-4259-9C92-AD1CDE193C97}.Debug|Any CPU.Build.0 = Debug|Any CPU
		{E1BE99F9-7782-4259-9C92-AD1CDE193C97}.Debug|ARM.ActiveCfg = Debug|ARM
		{E1BE99F9-7782-4259-9C92-AD1CDE193C97}.Debug|ARM.Build.0 = Debug|ARM
		{E1BE99F9-7782-4259-9C92-AD1CDE193C97}.Debug|x64.ActiveCfg = Debug|x64
		{E1BE99F9-7782-4259-9C92-AD1CDE193C97}.Debug|x64.Build.0 = Debug|x64
		{E1BE99F9-7782-4259-9C92-AD1CDE193C97}.Debug|x86.ActiveCfg = Debug|x86
		{E1BE99F9-7782-4259-9C92-AD1CDE193C97}.Debug|x86.Build.0 = Debug|x86
		{E1BE99F9-7782-4259-9C92-AD1CDE193C97}.Release|Any CPU.ActiveCfg = Release|Any CPU
		{E1BE99F9-7782-4259-9C92-AD1CDE193C97}.Release|Any CPU.Build.0 = Release|Any CPU
		{E1BE99F9-7782-4259-9C92-AD1CDE193C97}.Release|ARM.ActiveCfg = Release|ARM
		{E1BE99F9-7782-4259-9C92-AD1CDE193C97}.Release|ARM.Build.0 = Release|ARM
		{E1BE99F9-7782-4259-9C92-AD1CDE193C97}.Release|x64.ActiveCfg = Release|x64
		{E1BE99F9-7782-4259-9C92-AD1CDE193C97}.Release|x64.Build.0 = Release|x64
		{E1BE99F9-7782-4259-9C92-AD1CDE193C97}.Release|x86.ActiveCfg = Release|x86
		{E1BE99F9-7782-4259-9C92-AD1CDE193C97}.Release|x86.Build.0 = Release|x86
		{65CD8FCF-C313-4977-9F80-2C383537B979}.Debug|Any CPU.ActiveCfg = Debug|Any CPU
		{65CD8FCF-C313-4977-9F80-2C383537B979}.Debug|Any CPU.Build.0 = Debug|Any CPU
		{65CD8FCF-C313-4977-9F80-2C383537B979}.Debug|ARM.ActiveCfg = Debug|ARM
		{65CD8FCF-C313-4977-9F80-2C383537B979}.Debug|ARM.Build.0 = Debug|ARM
		{65CD8FCF-C313-4977-9F80-2C383537B979}.Debug|x64.ActiveCfg = Debug|x64
		{65CD8FCF-C313-4977-9F80-2C383537B979}.Debug|x64.Build.0 = Debug|x64
		{65CD8FCF-C313-4977-9F80-2C383537B979}.Debug|x86.ActiveCfg = Debug|x86
		{65CD8FCF-C313-4977-9F80-2C383537B979}.Debug|x86.Build.0 = Debug|x86
		{65CD8FCF-C313-4977-9F80-2C383537B979}.Release|Any CPU.ActiveCfg = Release|Any CPU
		{65CD8FCF-C313-4977-9F80-2C383537B979}.Release|Any CPU.Build.0 = Release|Any CPU
		{65CD8FCF-C313-4977-9F80-2C383537B979}.Release|ARM.ActiveCfg = Release|ARM
		{65CD8FCF-C313-4977-9F80-2C383537B979}.Release|ARM.Build.0 = Release|ARM
		{65CD8FCF-C313-4977-9F80-2C383537B979}.Release|x64.ActiveCfg = Release|x64
		{65CD8FCF-C313-4977-9F80-2C383537B979}.Release|x64.Build.0 = Release|x64
		{65CD8FCF-C313-4977-9F80-2C383537B979}.Release|x86.ActiveCfg = Release|x86
		{65CD8FCF-C313-4977-9F80-2C383537B979}.Release|x86.Build.0 = Release|x86
		{629AC313-4D92-42FC-AFCA-AFEF73842410}.Debug|Any CPU.ActiveCfg = Debug|Any CPU
		{629AC313-4D92-42FC-AFCA-AFEF73842410}.Debug|Any CPU.Build.0 = Debug|Any CPU
		{629AC313-4D92-42FC-AFCA-AFEF73842410}.Debug|ARM.ActiveCfg = Debug|ARM
		{629AC313-4D92-42FC-AFCA-AFEF73842410}.Debug|ARM.Build.0 = Debug|ARM
		{629AC313-4D92-42FC-AFCA-AFEF73842410}.Debug|x64.ActiveCfg = Debug|x64
		{629AC313-4D92-42FC-AFCA-AFEF73842410}.Debug|x64.Build.0 = Debug|x64
		{629AC313-4D92-42FC-AFCA-AFEF73842410}.Debug|x86.ActiveCfg = Debug|x86
		{629AC313-4D92-42FC-AFCA-AFEF73842410}.Debug|x86.Build.0 = Debug|x86
		{629AC313-4D92-42FC-AFCA-AFEF73842410}.Release|Any CPU.ActiveCfg = Release|Any CPU
		{629AC313-4D92-42FC-AFCA-AFEF73842410}.Release|Any CPU.Build.0 = Release|Any CPU
		{629AC313-4D92-42FC-AFCA-AFEF73842410}.Release|ARM.ActiveCfg = Release|ARM
		{629AC313-4D92-42FC-AFCA-AFEF73842410}.Release|ARM.Build.0 = Release|ARM
		{629AC313-4D92-42FC-AFCA-AFEF73842410}.Release|x64.ActiveCfg = Release|x64
		{629AC313-4D92-42FC-AFCA-AFEF73842410}.Release|x64.Build.0 = Release|x64
		{629AC313-4D92-42FC-AFCA-AFEF73842410}.Release|x86.ActiveCfg = Release|x86
		{629AC313-4D92-42FC-AFCA-AFEF73842410}.Release|x86.Build.0 = Release|x86
		{975BB8DD-AA6D-4622-9D47-5CB42639BB0C}.Debug|Any CPU.ActiveCfg = Debug|Any CPU
		{975BB8DD-AA6D-4622-9D47-5CB42639BB0C}.Debug|Any CPU.Build.0 = Debug|Any CPU
		{975BB8DD-AA6D-4622-9D47-5CB42639BB0C}.Debug|ARM.ActiveCfg = Debug|ARM
		{975BB8DD-AA6D-4622-9D47-5CB42639BB0C}.Debug|ARM.Build.0 = Debug|ARM
		{975BB8DD-AA6D-4622-9D47-5CB42639BB0C}.Debug|x64.ActiveCfg = Debug|x64
		{975BB8DD-AA6D-4622-9D47-5CB42639BB0C}.Debug|x64.Build.0 = Debug|x64
		{975BB8DD-AA6D-4622-9D47-5CB42639BB0C}.Debug|x86.ActiveCfg = Debug|x86
		{975BB8DD-AA6D-4622-9D47-5CB42639BB0C}.Debug|x86.Build.0 = Debug|x86
		{975BB8DD-AA6D-4622-9D47-5CB42639BB0C}.Release|Any CPU.ActiveCfg = Release|Any CPU
		{975BB8DD-AA6D-4622-9D47-5CB42639BB0C}.Release|Any CPU.Build.0 = Release|Any CPU
		{975BB8DD-AA6D-4622-9D47-5CB42639BB0C}.Release|ARM.ActiveCfg = Release|ARM
		{975BB8DD-AA6D-4622-9D47-5CB42639BB0C}.Release|ARM.Build.0 = Release|ARM
		{975BB8DD-AA6D-4622-9D47-5CB42639BB0C}.Release|x64.ActiveCfg = Release|x64
		{975BB8DD-AA6D-4622-9D47-5CB42639BB0C}.Release|x64.Build.0 = Release|x64
		{975BB8DD-AA6D-4622-9D47-5CB42639BB0C}.Release|x86.ActiveCfg = Release|x86
		{975BB8DD-AA6D-4622-9D47-5CB42639BB0C}.Release|x86.Build.0 = Release|x86
		{80D84DBA-4C25-41F6-AB69-358FF70805D7}.Debug|Any CPU.ActiveCfg = Debug|Any CPU
		{80D84DBA-4C25-41F6-AB69-358FF70805D7}.Debug|Any CPU.Build.0 = Debug|Any CPU
		{80D84DBA-4C25-41F6-AB69-358FF70805D7}.Debug|ARM.ActiveCfg = Debug|ARM
		{80D84DBA-4C25-41F6-AB69-358FF70805D7}.Debug|ARM.Build.0 = Debug|ARM
		{80D84DBA-4C25-41F6-AB69-358FF70805D7}.Debug|x64.ActiveCfg = Debug|x64
		{80D84DBA-4C25-41F6-AB69-358FF70805D7}.Debug|x64.Build.0 = Debug|x64
		{80D84DBA-4C25-41F6-AB69-358FF70805D7}.Debug|x86.ActiveCfg = Debug|x86
		{80D84DBA-4C25-41F6-AB69-358FF70805D7}.Debug|x86.Build.0 = Debug|x86
		{80D84DBA-4C25-41F6-AB69-358FF70805D7}.Release|Any CPU.ActiveCfg = Release|Any CPU
		{80D84DBA-4C25-41F6-AB69-358FF70805D7}.Release|Any CPU.Build.0 = Release|Any CPU
		{80D84DBA-4C25-41F6-AB69-358FF70805D7}.Release|ARM.ActiveCfg = Release|ARM
		{80D84DBA-4C25-41F6-AB69-358FF70805D7}.Release|ARM.Build.0 = Release|ARM
		{80D84DBA-4C25-41F6-AB69-358FF70805D7}.Release|x64.ActiveCfg = Release|x64
		{80D84DBA-4C25-41F6-AB69-358FF70805D7}.Release|x64.Build.0 = Release|x64
		{80D84DBA-4C25-41F6-AB69-358FF70805D7}.Release|x86.ActiveCfg = Release|x86
		{80D84DBA-4C25-41F6-AB69-358FF70805D7}.Release|x86.Build.0 = Release|x86
		{970642BD-7445-4127-83FD-893C900BD9B9}.Debug|Any CPU.ActiveCfg = Debug|Any CPU
		{970642BD-7445-4127-83FD-893C900BD9B9}.Debug|Any CPU.Build.0 = Debug|Any CPU
		{970642BD-7445-4127-83FD-893C900BD9B9}.Debug|ARM.ActiveCfg = Debug|ARM
		{970642BD-7445-4127-83FD-893C900BD9B9}.Debug|ARM.Build.0 = Debug|ARM
		{970642BD-7445-4127-83FD-893C900BD9B9}.Debug|x64.ActiveCfg = Debug|x64
		{970642BD-7445-4127-83FD-893C900BD9B9}.Debug|x64.Build.0 = Debug|x64
		{970642BD-7445-4127-83FD-893C900BD9B9}.Debug|x86.ActiveCfg = Debug|x86
		{970642BD-7445-4127-83FD-893C900BD9B9}.Debug|x86.Build.0 = Debug|x86
		{970642BD-7445-4127-83FD-893C900BD9B9}.Release|Any CPU.ActiveCfg = Release|Any CPU
		{970642BD-7445-4127-83FD-893C900BD9B9}.Release|Any CPU.Build.0 = Release|Any CPU
		{970642BD-7445-4127-83FD-893C900BD9B9}.Release|ARM.ActiveCfg = Release|ARM
		{970642BD-7445-4127-83FD-893C900BD9B9}.Release|ARM.Build.0 = Release|ARM
		{970642BD-7445-4127-83FD-893C900BD9B9}.Release|x64.ActiveCfg = Release|x64
		{970642BD-7445-4127-83FD-893C900BD9B9}.Release|x64.Build.0 = Release|x64
		{970642BD-7445-4127-83FD-893C900BD9B9}.Release|x86.ActiveCfg = Release|x86
		{970642BD-7445-4127-83FD-893C900BD9B9}.Release|x86.Build.0 = Release|x86
	EndGlobalSection
	GlobalSection(SolutionProperties) = preSolution
		HideSolutionNode = FALSE
	EndGlobalSection
EndGlobal
